
Microsoft Visual Studio Solution File, Format Version 12.00
# Visual Studio Version 16
VisualStudioVersion = 25.0.1706.14
MinimumVisualStudioVersion = 10.0.40219.1
Project("{FAE04EC0-301F-11D3-BF4B-00C04F79EFBC}") = "For", "For\For.csproj", "{679F8E3B-98C9-4DA0-B652-B2C199F8C50B}"
EndProject
Global
	GlobalSection(SolutionConfigurationPlatforms) = preSolution
		Debug|Any CPU = Debug|Any CPU
		Release|Any CPU = Release|Any CPU
	EndGlobalSection
	GlobalSection(ProjectConfigurationPlatforms) = postSolution
		{679F8E3B-98C9-4DA0-B652-B2C199F8C50B}.Debug|Any CPU.ActiveCfg = Debug|Any CPU
		{679F8E3B-98C9-4DA0-B652-B2C199F8C50B}.Debug|Any CPU.Build.0 = Debug|Any CPU
		{679F8E3B-98C9-4DA0-B652-B2C199F8C50B}.Release|Any CPU.ActiveCfg = Release|Any CPU
		{679F8E3B-98C9-4DA0-B652-B2C199F8C50B}.Release|Any CPU.Build.0 = Release|Any CPU
	EndGlobalSection
	GlobalSection(SolutionProperties) = preSolution
		HideSolutionNode = FALSE
	EndGlobalSection
	GlobalSection(ExtensibilityGlobals) = postSolution
		SolutionGuid = {87535C9C-678F-4D6F-B8CE-E3EA26E7EAD2}
	EndGlobalSection
EndGlobal
